
Microsoft Visual Studio Solution File, Format Version 12.00
# Visual Studio Version 17
VisualStudioVersion = 17.7.34003.232
MinimumVisualStudioVersion = 10.0.40219.1
Project("{FAE04EC0-301F-11D3-BF4B-00C04F79EFBC}") = "JsonWebToken", "JsonWebToken\JsonWebToken.csproj", "{3944F509-1947-4F82-B29E-56D4628DB4EB}"
EndProject
Global
	GlobalSection(SolutionConfigurationPlatforms) = preSolution
		Debug|Any CPU = Debug|Any CPU
		Release|Any CPU = Release|Any CPU
	EndGlobalSection
	GlobalSection(ProjectConfigurationPlatforms) = postSolution
		{3944F509-1947-4F82-B29E-56D4628DB4EB}.Debug|Any CPU.ActiveCfg = Debug|Any CPU
		{3944F509-1947-4F82-B29E-56D4628DB4EB}.Debug|Any CPU.Build.0 = Debug|Any CPU
		{3944F509-1947-4F82-B29E-56D4628DB4EB}.Release|Any CPU.ActiveCfg = Release|Any CPU
		{3944F509-1947-4F82-B29E-56D4628DB4EB}.Release|Any CPU.Build.0 = Release|Any CPU
	EndGlobalSection
	GlobalSection(SolutionProperties) = preSolution
		HideSolutionNode = FALSE
	EndGlobalSection
	GlobalSection(ExtensibilityGlobals) = postSolution
		SolutionGuid = {966F4EC9-7965-4DD8-9F7C-11873BEE00F7}
	EndGlobalSection
EndGlobal
